
Microsoft Visual Studio Solution File, Format Version 12.00
# Visual Studio 15
VisualStudioVersion = 15.0.27130.2026
MinimumVisualStudioVersion = 10.0.40219.1
Project("{FAE04EC0-301F-11D3-BF4B-00C04F79EFBC}") = "Toker", "Toker\Toker.csproj", "{4412581D-6195-495A-B65E-5A44E549E0C5}"
EndProject
Project("{FAE04EC0-301F-11D3-BF4B-00C04F79EFBC}") = "SemiExp", "SemiExp\SemiExp.csproj", "{8CD2F63B-9294-43BB-9F60-4FA966EBC48C}"
EndProject
Project("{FAE04EC0-301F-11D3-BF4B-00C04F79EFBC}") = "Parser", "Parser\Parser.csproj", "{F648274D-662C-4A6F-81C6-8A2C74DAE085}"
EndProject
Project("{FAE04EC0-301F-11D3-BF4B-00C04F79EFBC}") = "Display", "Display\Display.csproj", "{7F6AEE33-E7E5-4B83-B505-8BE313DEFEB2}"
EndProject
Project("{FAE04EC0-301F-11D3-BF4B-00C04F79EFBC}") = "Element", "Element\Element.csproj", "{49535DB1-E8E6-4C4E-A9BE-643FAA9312F4}"
EndProject
Project("{FAE04EC0-301F-11D3-BF4B-00C04F79EFBC}") = "DemoExecutive", "DemoExecutive\DemoExecutive.csproj", "{62FB6312-B271-4EA4-AF6F-80F3404EDACC}"
EndProject
Project("{FAE04EC0-301F-11D3-BF4B-00C04F79EFBC}") = "DepAnalysis", "DepAnalysis\DepAnalysis.csproj", "{DF96DA76-F1D4-4B22-9E1C-1BCE751D86B7}"
EndProject
Project("{FAE04EC0-301F-11D3-BF4B-00C04F79EFBC}") = "TypeAnalysis", "TypeAnalysis\TypeAnalysis.csproj", "{444C231C-3953-4AB2-A303-82CAEF3C134A}"
EndProject
Project("{FAE04EC0-301F-11D3-BF4B-00C04F79EFBC}") = "StrongComponent", "StrongComponent\StrongComponent.csproj", "{45046878-1CEC-4C90-AC43-CC8B7269D4BD}"
EndProject
Global
	GlobalSection(SolutionConfigurationPlatforms) = preSolution
		Debug|Any CPU = Debug|Any CPU
		Release|Any CPU = Release|Any CPU
	EndGlobalSection
	GlobalSection(ProjectConfigurationPlatforms) = postSolution
		{4412581D-6195-495A-B65E-5A44E549E0C5}.Debug|Any CPU.ActiveCfg = Debug|Any CPU
		{4412581D-6195-495A-B65E-5A44E549E0C5}.Debug|Any CPU.Build.0 = Debug|Any CPU
		{4412581D-6195-495A-B65E-5A44E549E0C5}.Release|Any CPU.ActiveCfg = Release|Any CPU
		{4412581D-6195-495A-B65E-5A44E549E0C5}.Release|Any CPU.Build.0 = Release|Any CPU
		{8CD2F63B-9294-43BB-9F60-4FA966EBC48C}.Debug|Any CPU.ActiveCfg = Debug|Any CPU
		{8CD2F63B-9294-43BB-9F60-4FA966EBC48C}.Debug|Any CPU.Build.0 = Debug|Any CPU
		{8CD2F63B-9294-43BB-9F60-4FA966EBC48C}.Release|Any CPU.ActiveCfg = Release|Any CPU
		{8CD2F63B-9294-43BB-9F60-4FA966EBC48C}.Release|Any CPU.Build.0 = Release|Any CPU
		{F648274D-662C-4A6F-81C6-8A2C74DAE085}.Debug|Any CPU.ActiveCfg = Debug|Any CPU
		{F648274D-662C-4A6F-81C6-8A2C74DAE085}.Debug|Any CPU.Build.0 = Debug|Any CPU
		{F648274D-662C-4A6F-81C6-8A2C74DAE085}.Release|Any CPU.ActiveCfg = Release|Any CPU
		{F648274D-662C-4A6F-81C6-8A2C74DAE085}.Release|Any CPU.Build.0 = Release|Any CPU
		{7F6AEE33-E7E5-4B83-B505-8BE313DEFEB2}.Debug|Any CPU.ActiveCfg = Debug|Any CPU
		{7F6AEE33-E7E5-4B83-B505-8BE313DEFEB2}.Debug|Any CPU.Build.0 = Debug|Any CPU
		{7F6AEE33-E7E5-4B83-B505-8BE313DEFEB2}.Release|Any CPU.ActiveCfg = Release|Any CPU
		{7F6AEE33-E7E5-4B83-B505-8BE313DEFEB2}.Release|Any CPU.Build.0 = Release|Any CPU
		{49535DB1-E8E6-4C4E-A9BE-643FAA9312F4}.Debug|Any CPU.ActiveCfg = Debug|Any CPU
		{49535DB1-E8E6-4C4E-A9BE-643FAA9312F4}.Debug|Any CPU.Build.0 = Debug|Any CPU
		{49535DB1-E8E6-4C4E-A9BE-643FAA9312F4}.Release|Any CPU.ActiveCfg = Release|Any CPU
		{49535DB1-E8E6-4C4E-A9BE-643FAA9312F4}.Release|Any CPU.Build.0 = Release|Any CPU
		{62FB6312-B271-4EA4-AF6F-80F3404EDACC}.Debug|Any CPU.ActiveCfg = Debug|Any CPU
		{62FB6312-B271-4EA4-AF6F-80F3404EDACC}.Debug|Any CPU.Build.0 = Debug|Any CPU
		{62FB6312-B271-4EA4-AF6F-80F3404EDACC}.Release|Any CPU.ActiveCfg = Release|Any CPU
		{62FB6312-B271-4EA4-AF6F-80F3404EDACC}.Release|Any CPU.Build.0 = Release|Any CPU
		{DF96DA76-F1D4-4B22-9E1C-1BCE751D86B7}.Debug|Any CPU.ActiveCfg = Debug|Any CPU
		{DF96DA76-F1D4-4B22-9E1C-1BCE751D86B7}.Debug|Any CPU.Build.0 = Debug|Any CPU
		{DF96DA76-F1D4-4B22-9E1C-1BCE751D86B7}.Release|Any CPU.ActiveCfg = Release|Any CPU
		{DF96DA76-F1D4-4B22-9E1C-1BCE751D86B7}.Release|Any CPU.Build.0 = Release|Any CPU
		{444C231C-3953-4AB2-A303-82CAEF3C134A}.Debug|Any CPU.ActiveCfg = Debug|Any CPU
		{444C231C-3953-4AB2-A303-82CAEF3C134A}.Debug|Any CPU.Build.0 = Debug|Any CPU
		{444C231C-3953-4AB2-A303-82CAEF3C134A}.Release|Any CPU.ActiveCfg = Release|Any CPU
		{444C231C-3953-4AB2-A303-82CAEF3C134A}.Release|Any CPU.Build.0 = Release|Any CPU
		{45046878-1CEC-4C90-AC43-CC8B7269D4BD}.Debug|Any CPU.ActiveCfg = Debug|Any CPU
		{45046878-1CEC-4C90-AC43-CC8B7269D4BD}.Debug|Any CPU.Build.0 = Debug|Any CPU
		{45046878-1CEC-4C90-AC43-CC8B7269D4BD}.Release|Any CPU.ActiveCfg = Release|Any CPU
		{45046878-1CEC-4C90-AC43-CC8B7269D4BD}.Release|Any CPU.Build.0 = Release|Any CPU
	EndGlobalSection
	GlobalSection(SolutionProperties) = preSolution
		HideSolutionNode = FALSE
	EndGlobalSection
	GlobalSection(ExtensibilityGlobals) = postSolution
		SolutionGuid = {9BE42D06-8A56-4953-BD4A-0957D6C8F038}
	EndGlobalSection
EndGlobal
